<?xml version="1.0" encoding="utf-8"?>
<Project ToolsVersion="4.0" xmlns="http://schemas.microsoft.com/developer/msbuild/2003">
  <ItemGroup>
    <ClCompile Include="FrameWork\Object\Monster\ZombieCrawler.cpp" />
    <ClCompile Include="FrameWork\Object\Monster\ZombieWalker.cpp" />
    <ClCompile Include="FrameWork\Object\Monster\Monster.cpp" />
    <ClCompile Include="FrameWork\Scene\TestSceneUI\TestSceneUi.cpp" />
    <ClCompile Include="FrameWork\Scene\TestScene.cpp" />
    <ClCompile Include="FrameWork\Scene\TestSceneTT.cpp" />
    <ClCompile Include="FrameWork\Object\Player\Player.cpp" />
    <ClCompile Include="FrameWork\FrameWork.cpp" />
    <ClCompile Include="FrameWork\Mgr\SceneManager.cpp" />
    <ClCompile Include="FrameWork\Scene\TitleScene.cpp" />
    <ClCompile Include="FrameWork\Scene\Scene.cpp" />
    <ClCompile Include="FrameWork\Mgr\Utils.cpp" />
    <ClCompile Include="FrameWork\Mgr\TextureHolder.cpp" />
    <ClCompile Include="FrameWork\Mgr\InputManager.cpp" />
    <ClCompile Include="FrameWork\Animation\AnimationController.cpp" />
    <ClCompile Include="FrameWork\Animation\AnimationClip.cpp" />
    <ClCompile Include="FrameWork\Scene\TestSceneKK.cpp" />
    <ClCompile Include="main.cpp" />
    <ClCompile Include="UIManager.cpp" />
  </ItemGroup>
  <ItemGroup>
    <ClInclude Include="FrameWork\Object\Monster\ZombieCrawler.h" />
    <ClInclude Include="FrameWork\Scene\TestSceneUI\TestSceneUi.h" />
    <ClInclude Include="FrameWork\Scene\TestSceneTT.h" />
    <ClInclude Include="FrameWork\Scene\TestScene.h" />
    <ClInclude Include="FrameWork\Object\Player\Player.h" />
    <ClInclude Include="FrameWork\Mgr\SceneManager.h" />
    <ClInclude Include="FrameWork\Object\Monster\Monster.h" />
    <ClInclude Include="FrameWork\Scene\TitleScene.h" />
    <ClInclude Include="FrameWork\Scene\Scene.h" />
    <ClInclude Include="FrameWork\Mgr\TextureHolder.h" />
    <ClInclude Include="FrameWork\Mgr\Utils.h" />
    <ClInclude Include="FrameWork\Mgr\InputManager.h" />
    <ClInclude Include="FrameWork\FrameWork.h" />
    <ClInclude Include="FrameWork\Animation\rapidcsv.h" />
    <ClInclude Include="FrameWork\Animation\AnimationController.h" />
    <ClInclude Include="FrameWork\Animation\AnimationClip.h" />
    <ClInclude Include="FrameWork\Scene\TestSceneKK.h" />
    <ClInclude Include="FrameWork\Object\Monster\ZombieWalker.h" />
    <ClInclude Include="UIManager.h" />
  </ItemGroup>
</Project>