<?xml version="1.0" encoding="utf-8"?>
<Project ToolsVersion="4.0" xmlns="http://schemas.microsoft.com/developer/msbuild/2003">
  <ItemGroup>
    <ClCompile Include="Main.cpp" />
    <ClCompile Include="FrameWork\Animation\AnimationClip.cpp">
      <Filter>FrameWork\Animation</Filter>
    </ClCompile>
    <ClCompile Include="FrameWork\Animation\AnimationController.cpp">
      <Filter>FrameWork\Animation</Filter>
    </ClCompile>
    <ClCompile Include="FrameWork\Mgr\InputManager.cpp">
      <Filter>FrameWork\Mgr</Filter>
    </ClCompile>
    <ClCompile Include="FrameWork\Mgr\SceneManager.cpp">
      <Filter>FrameWork\Mgr</Filter>
    </ClCompile>
    <ClCompile Include="FrameWork\Mgr\TextureHolder.cpp">
      <Filter>FrameWork\Mgr</Filter>
    </ClCompile>
    <ClCompile Include="FrameWork\Mgr\UIManager.cpp">
      <Filter>FrameWork\Mgr</Filter>
    </ClCompile>
    <ClCompile Include="FrameWork\Mgr\Utils.cpp">
      <Filter>FrameWork\Mgr</Filter>
    </ClCompile>
    <ClCompile Include="FrameWork\Mgr\AttackManager.cpp">
      <Filter>FrameWork\Mgr</Filter>
    </ClCompile>
    <ClCompile Include="FrameWork\Object\Monster\GoblinAttacker.cpp">
      <Filter>FrameWork\Object\Monster</Filter>
    </ClCompile>
    <ClCompile Include="FrameWork\Object\Monster\Monster.cpp">
      <Filter>FrameWork\Object\Monster</Filter>
    </ClCompile>
    <ClCompile Include="FrameWork\Object\Monster\ZombieWalker.cpp">
      <Filter>FrameWork\Object\Monster</Filter>
    </ClCompile>
    <ClCompile Include="FrameWork\Object\Monster\ZombieCrawler.cpp">
      <Filter>FrameWork\Object\Monster</Filter>
    </ClCompile>
    <ClCompile Include="FrameWork\Object\Player\Player.cpp">
      <Filter>FrameWork\Object\Player</Filter>
    </ClCompile>
    <ClCompile Include="FrameWork\Object\TestBlock\TestBlock.cpp">
      <Filter>FrameWork\Object\TestBlock</Filter>
    </ClCompile>
    <ClCompile Include="FrameWork\Object\Weapon\TwohandWeapon.cpp">
      <Filter>FrameWork\Object\Weapon</Filter>
    </ClCompile>
    <ClCompile Include="FrameWork\Object\Player\Player.cpp">
      <Filter>FrameWork\Object\Player</Filter>
    </ClCompile>
    <ClCompile Include="FrameWork\Object\Weapon\TwohandWeapon.cpp">
      <Filter>FrameWork\Object\Weapon</Filter>
    </ClCompile>
    <ClCompile Include="FrameWork\Object\Monster\ZombieWalker.cpp">
      <Filter>FrameWork\Object\Monster</Filter>
    </ClCompile>
    <ClCompile Include="FrameWork\Object\Monster\ZombieCrawler.cpp">
      <Filter>FrameWork\Object\Monster</Filter>
    </ClCompile>
    <ClCompile Include="FrameWork\Object\Monster\Monster.cpp">
      <Filter>FrameWork\Object\Monster</Filter>
    </ClCompile>
    <ClCompile Include="FrameWork\Object\Monster\GoblinAttacker.cpp">
      <Filter>FrameWork\Object\Monster</Filter>
    </ClCompile>
    <ClCompile Include="FrameWork\Object\TestBlock\TestBlock.cpp">
      <Filter>FrameWork\Object\TestBlock</Filter>
    </ClCompile>
    <ClCompile Include="FrameWork\Object\TestMonster\TestZombieWalker.cpp">
      <Filter>FrameWork\Object\TestMonster</Filter>
    </ClCompile>
    <ClCompile Include="FrameWork\FrameWork.cpp">
      <Filter>FrameWork</Filter>
    </ClCompile>
    <ClCompile Include="FrameWork\Scene\GameScene.cpp">
      <Filter>FrameWork\Scene</Filter>
    </ClCompile>
    <ClCompile Include="FrameWork\Scene\Scene.cpp">
      <Filter>FrameWork\Scene</Filter>
    </ClCompile>
    <ClCompile Include="FrameWork\Scene\TestScene.cpp">
      <Filter>FrameWork\Scene</Filter>
    </ClCompile>
    <ClCompile Include="FrameWork\Scene\TestSceneKK.cpp">
      <Filter>FrameWork\Scene</Filter>
    </ClCompile>
    <ClCompile Include="FrameWork\Scene\TestSceneTT.cpp">
      <Filter>FrameWork\Scene</Filter>
    </ClCompile>
    <ClCompile Include="FrameWork\Scene\TestSceneUI\TestSceneUi.cpp">
      <Filter>FrameWork\Scene</Filter>
    </ClCompile>
    <ClCompile Include="FrameWork\Scene\TitleScene.cpp">
      <Filter>FrameWork\Scene</Filter>
    </ClCompile>
    <ClCompile Include="SFML-2.5.1\include\SFML\DirectedLight.cpp">
      <Filter>FrameWork\Light</Filter>
    </ClCompile>
    <ClCompile Include="SFML-2.5.1\include\SFML\Constants.cpp">
      <Filter>FrameWork\Light</Filter>
    </ClCompile>
    <ClCompile Include="SFML-2.5.1\include\SFML\Color.cpp">
      <Filter>FrameWork\Light</Filter>
    </ClCompile>
    <ClCompile Include="SFML-2.5.1\include\SFML\VertexArray.cpp">
      <Filter>FrameWork\Light</Filter>
    </ClCompile>
    <ClCompile Include="SFML-2.5.1\include\SFML\RadialLight.cpp">
      <Filter>FrameWork\Light</Filter>
    </ClCompile>
    <ClCompile Include="SFML-2.5.1\include\SFML\Polygon.cpp">
      <Filter>FrameWork\Light</Filter>
    </ClCompile>
    <ClCompile Include="SFML-2.5.1\include\SFML\Line.cpp">
      <Filter>FrameWork\Light</Filter>
    </ClCompile>
    <ClCompile Include="SFML-2.5.1\include\SFML\LightSource.cpp">
      <Filter>FrameWork\Light</Filter>
    </ClCompile>
    <ClCompile Include="SFML-2.5.1\include\SFML\LightingArea.cpp">
      <Filter>FrameWork\Light</Filter>
    </ClCompile>
    <ClCompile Include="FrameWork\Scene\MapScene.cpp">
      <Filter>FrameWork\Scene</Filter>
    </ClCompile>
    <ClCompile Include="FrameWork\Object\TitleObject\Rofe1.cpp">
      <Filter>Framework\Object\TitleObject</Filter>
    </ClCompile>
    <ClCompile Include="FrameWork\Object\TitleObject\Rofe2.cpp">
      <Filter>Framework\Object\TitleObject</Filter>
    </ClCompile>
    <ClCompile Include="FrameWork\Object\Weapon\Dagger.cpp">
      <Filter>FrameWork\Object\Weapon</Filter>
    </ClCompile>
    <ClCompile Include="FrameWork\Object\Weapon\Dagger.cpp">
      <Filter>FrameWork\Object\Weapon</Filter>
    </ClCompile>
    <ClCompile Include="FrameWork\Object\Npc\Npc.cpp">
      <Filter>Framework\Object\Npc</Filter>
    </ClCompile>
    <ClCompile Include="FrameWork\Object\DamageAndRecovery\DamageAndRecovery.cpp">
      <Filter>FrameWork\Object\DamageAndRecovery</Filter>
    </ClCompile>
  </ItemGroup>
  <ItemGroup>
    <ClInclude Include="FrameWork\Animation\AnimationClip.h">
      <Filter>FrameWork\Animation</Filter>
    </ClInclude>
    <ClInclude Include="FrameWork\Animation\AnimationController.h">
      <Filter>FrameWork\Animation</Filter>
    </ClInclude>
    <ClInclude Include="FrameWork\Mgr\InputManager.h">
      <Filter>FrameWork\Mgr</Filter>
    </ClInclude>
    <ClInclude Include="FrameWork\Mgr\SceneManager.h">
      <Filter>FrameWork\Mgr</Filter>
    </ClInclude>
    <ClInclude Include="FrameWork\Mgr\TextureHolder.h">
      <Filter>FrameWork\Mgr</Filter>
    </ClInclude>
    <ClInclude Include="FrameWork\Mgr\UIManager.h">
      <Filter>FrameWork\Mgr</Filter>
    </ClInclude>
    <ClInclude Include="FrameWork\Mgr\Utils.h">
      <Filter>FrameWork\Mgr</Filter>
    </ClInclude>
    <ClInclude Include="FrameWork\Mgr\AttackManager.h">
      <Filter>FrameWork\Mgr</Filter>
    </ClInclude>
    <ClInclude Include="FrameWork\Animation\rapidcsv.h">
      <Filter>FrameWork\Animation</Filter>
    </ClInclude>
    <ClInclude Include="FrameWork\Object\Monster\GoblinAttacker.h">
      <Filter>FrameWork\Object\Monster</Filter>
    </ClInclude>
    <ClInclude Include="FrameWork\Object\Monster\Monster.h">
      <Filter>FrameWork\Object\Monster</Filter>
    </ClInclude>
    <ClInclude Include="FrameWork\Object\Monster\ZombieWalker.h">
      <Filter>FrameWork\Object\Monster</Filter>
    </ClInclude>
    <ClInclude Include="FrameWork\Object\Monster\ZombieCrawler.h">
      <Filter>FrameWork\Object\Monster</Filter>
    </ClInclude>
    <ClInclude Include="FrameWork\Object\Player\Player.h">
      <Filter>FrameWork\Object\Player</Filter>
    </ClInclude>
    <ClInclude Include="FrameWork\Object\Weapon\TwohandWeapon.h">
      <Filter>FrameWork\Object\Weapon</Filter>
    </ClInclude>
    <ClInclude Include="FrameWork\Object\Monster\ZombieWalker.h">
      <Filter>FrameWork\Object\Monster</Filter>
    </ClInclude>
    <ClInclude Include="FrameWork\Object\Monster\ZombieCrawler.h">
      <Filter>FrameWork\Object\Monster</Filter>
    </ClInclude>
    <ClInclude Include="FrameWork\Object\Monster\Monster.h">
      <Filter>FrameWork\Object\Monster</Filter>
    </ClInclude>
    <ClInclude Include="FrameWork\Object\TestBlock\TestBlock.h">
      <Filter>FrameWork\Object\TestBlock</Filter>
    </ClInclude>
    <ClInclude Include="FrameWork\FrameWork.h">
      <Filter>FrameWork</Filter>
    </ClInclude>
    <ClInclude Include="FrameWork\Scene\GameScene.h">
      <Filter>FrameWork\Scene</Filter>
    </ClInclude>
    <ClInclude Include="FrameWork\Scene\Scene.h">
      <Filter>FrameWork\Scene</Filter>
    </ClInclude>
    <ClInclude Include="FrameWork\Scene\TestScene.h">
      <Filter>FrameWork\Scene</Filter>
    </ClInclude>
    <ClInclude Include="FrameWork\Scene\TestSceneKK.h">
      <Filter>FrameWork\Scene</Filter>
    </ClInclude>
    <ClInclude Include="FrameWork\Scene\TestSceneTT.h">
      <Filter>FrameWork\Scene</Filter>
    </ClInclude>
    <ClInclude Include="FrameWork\Scene\TestSceneUI\TestSceneUi.h">
      <Filter>FrameWork\Scene</Filter>
    </ClInclude>
    <ClInclude Include="FrameWork\Scene\TitleScene.h">
      <Filter>FrameWork\Scene</Filter>
    </ClInclude>
    <ClInclude Include="FrameWork\Object\TestMonster\TestZombieWalker.h">
      <Filter>FrameWork\Object\TestMonster</Filter>
    </ClInclude>
    <ClInclude Include="FrameWork\Scene\MapScene.h">
      <Filter>FrameWork\Scene</Filter>
    </ClInclude>
    <ClInclude Include="FrameWork\Object\TitleObject\Rofe1.h">
      <Filter>Framework\Object\TitleObject</Filter>
    </ClInclude>
    <ClInclude Include="FrameWork\Object\TitleObject\Rofe2.h">
      <Filter>Framework\Object\TitleObject</Filter>
    </ClInclude>
    <ClInclude Include="FrameWork\Object\Weapon\Dagger.h">
      <Filter>FrameWork\Object\Weapon</Filter>
    </ClInclude>
    <ClInclude Include="FrameWork\Object\Weapon\Dagger.h">
      <Filter>FrameWork\Object\Weapon</Filter>
    </ClInclude>
    <ClInclude Include="FrameWork\Object\Npc\Npc.h">
      <Filter>Framework\Object\Npc</Filter>
    </ClInclude>
    <ClInclude Include="FrameWork\Object\DamageAndRecovery\DamageAndRecovery.h">
      <Filter>FrameWork\Object\DamageAndRecovery</Filter>
    </ClInclude>
  </ItemGroup>
  <ItemGroup>
    <Filter Include="FrameWork">
      <UniqueIdentifier>{8576f68c-de4f-4a70-8c6c-8fba4bd2630f}</UniqueIdentifier>
    </Filter>
    <Filter Include="FrameWork\Animation">
      <UniqueIdentifier>{df68bc3d-d8cb-49fa-8fe6-a6ec2d7570ad}</UniqueIdentifier>
    </Filter>
    <Filter Include="FrameWork\Mgr">
      <UniqueIdentifier>{cb714a7c-cb46-464a-8cb4-b2d71c2337e2}</UniqueIdentifier>
    </Filter>
    <Filter Include="FrameWork\Object">
      <UniqueIdentifier>{29c3a1d6-31d3-4901-9bb3-613f1f164974}</UniqueIdentifier>
    </Filter>
    <Filter Include="FrameWork\Object\Monster">
      <UniqueIdentifier>{cee84e45-d89e-4be7-90bd-40d7bc78fe4b}</UniqueIdentifier>
    </Filter>
    <Filter Include="FrameWork\Object\Player">
      <UniqueIdentifier>{361ed65b-8c44-485d-b87a-615acd9b6832}</UniqueIdentifier>
    </Filter>
    <Filter Include="FrameWork\Object\Weapon">
      <UniqueIdentifier>{96a1b361-faa4-4cf2-a6a4-670a5bc3a67c}</UniqueIdentifier>
    </Filter>
    <Filter Include="FrameWork\Object\Monster">
      <UniqueIdentifier>{c61f3fd8-fdd2-4927-bea5-7481777f35ac}</UniqueIdentifier>
    </Filter>
    <Filter Include="FrameWork\Object\TestBlock">
      <UniqueIdentifier>{bea93276-62d3-4225-831a-a52d5590aede}</UniqueIdentifier>
    </Filter>
    <Filter Include="FrameWork\Map">
      <UniqueIdentifier>{8375b908-087e-488e-a92d-e5a51eb0b3be}</UniqueIdentifier>
    </Filter>
    <Filter Include="FrameWork\Object\TestMonster">
      <UniqueIdentifier>{7b038bf1-d284-45fa-af93-57b466cfd4a4}</UniqueIdentifier>
    </Filter>
    <Filter Include="FrameWork\Scene">
      <UniqueIdentifier>{1c78ff4b-7a1d-4a87-90fe-41f5998b7565}</UniqueIdentifier>
    </Filter>
    <Filter Include="FrameWork\Light">
      <UniqueIdentifier>{2099b07d-ff82-4f1e-b5b3-c8d0aa21ea40}</UniqueIdentifier>
    </Filter>
    <Filter Include="Framework\Object\Npc">
      <UniqueIdentifier>{51fb6813-1bc0-4c1a-8488-2c8efba53977}</UniqueIdentifier>
    </Filter>
    <Filter Include="Framework\Object\TitleObject">
      <UniqueIdentifier>{357af2aa-5fb7-49fd-983d-35777ffead7c}</UniqueIdentifier>
    </Filter>
    <Filter Include="FrameWork\Object\DamageAndRecovery">
      <UniqueIdentifier>{75e52427-22c3-41a2-be12-c7305e7afd54}</UniqueIdentifier>
    </Filter>
  </ItemGroup>
</Project>